
Microsoft Visual Studio Solution File, Format Version 12.00
# Visual Studio Version 16
VisualStudioVersion = 16.0.29613.14
MinimumVisualStudioVersion = 10.0.40219.1
Project("{FAE04EC0-301F-11D3-BF4B-00C04F79EFBC}") = "hebicUpdate", "hebicUpdate\hebicUpdate.csproj", "{0DC963AD-5A74-4EE9-971A-1665462A547A}"
EndProject
Global
	GlobalSection(SolutionConfigurationPlatforms) = preSolution
		Debug|Any CPU = Debug|Any CPU
		Release|Any CPU = Release|Any CPU
	EndGlobalSection
	GlobalSection(ProjectConfigurationPlatforms) = postSolution
		{0DC963AD-5A74-4EE9-971A-1665462A547A}.Debug|Any CPU.ActiveCfg = Debug|Any CPU
		{0DC963AD-5A74-4EE9-971A-1665462A547A}.Debug|Any CPU.Build.0 = Debug|Any CPU
		{0DC963AD-5A74-4EE9-971A-1665462A547A}.Release|Any CPU.ActiveCfg = Release|Any CPU
		{0DC963AD-5A74-4EE9-971A-1665462A547A}.Release|Any CPU.Build.0 = Release|Any CPU
	EndGlobalSection
	GlobalSection(SolutionProperties) = preSolution
		HideSolutionNode = FALSE
	EndGlobalSection
	GlobalSection(ExtensibilityGlobals) = postSolution
		SolutionGuid = {7934A073-8CC4-4534-8E22-0E808C5762F9}
	EndGlobalSection
EndGlobal
